
Microsoft Visual Studio Solution File, Format Version 12.00
# Visual Studio 14
VisualStudioVersion = 14.0.25420.1
MinimumVisualStudioVersion = 10.0.40219.1
Project("{FAE04EC0-301F-11D3-BF4B-00C04F79EFBC}") = "WebAppStatic", "WebAppStatic\WebAppStatic.csproj", "{9834AA3C-9CC5-4DE5-84E5-B5F86F5C4F92}"
EndProject
Project("{FAE04EC0-301F-11D3-BF4B-00C04F79EFBC}") = "Model", "Model\Model.csproj", "{FFB02182-0D8F-401F-BA41-4FA6E5DECD4C}"
EndProject
Global
	GlobalSection(SolutionConfigurationPlatforms) = preSolution
		Debug|Any CPU = Debug|Any CPU
		Release|Any CPU = Release|Any CPU
	EndGlobalSection
	GlobalSection(ProjectConfigurationPlatforms) = postSolution
		{9834AA3C-9CC5-4DE5-84E5-B5F86F5C4F92}.Debug|Any CPU.ActiveCfg = Debug|Any CPU
		{9834AA3C-9CC5-4DE5-84E5-B5F86F5C4F92}.Debug|Any CPU.Build.0 = Debug|Any CPU
		{9834AA3C-9CC5-4DE5-84E5-B5F86F5C4F92}.Release|Any CPU.ActiveCfg = Release|Any CPU
		{9834AA3C-9CC5-4DE5-84E5-B5F86F5C4F92}.Release|Any CPU.Build.0 = Release|Any CPU
		{FFB02182-0D8F-401F-BA41-4FA6E5DECD4C}.Debug|Any CPU.ActiveCfg = Debug|Any CPU
		{FFB02182-0D8F-401F-BA41-4FA6E5DECD4C}.Debug|Any CPU.Build.0 = Debug|Any CPU
		{FFB02182-0D8F-401F-BA41-4FA6E5DECD4C}.Release|Any CPU.ActiveCfg = Release|Any CPU
		{FFB02182-0D8F-401F-BA41-4FA6E5DECD4C}.Release|Any CPU.Build.0 = Release|Any CPU
	EndGlobalSection
	GlobalSection(SolutionProperties) = preSolution
		HideSolutionNode = FALSE
	EndGlobalSection
EndGlobal
